// !$*UTF8*$!
{
	archiveVersion = 1;
	classes = {
	};
	objectVersion = 56;
	objects = {

/* Begin PBXBuildFile section */
		00F81A5E2ABC94B3009DABD4 /* SafeNaviApp.swift in Sources */ = {isa = PBXBuildFile; fileRef = 00F81A5D2ABC94B3009DABD4 /* SafeNaviApp.swift */; };
		00F81A602ABC94B3009DABD4 /* ContentView.swift in Sources */ = {isa = PBXBuildFile; fileRef = 00F81A5F2ABC94B3009DABD4 /* ContentView.swift */; };
		00F81A622ABC94B3009DABD4 /* Assets.xcassets in Resources */ = {isa = PBXBuildFile; fileRef = 00F81A612ABC94B3009DABD4 /* Assets.xcassets */; };
		00F81A652ABC94B3009DABD4 /* Preview Assets.xcassets in Resources */ = {isa = PBXBuildFile; fileRef = 00F81A642ABC94B3009DABD4 /* Preview Assets.xcassets */; };
		00F81A6F2ABC94B3009DABD4 /* SafeNaviTests.swift in Sources */ = {isa = PBXBuildFile; fileRef = 00F81A6E2ABC94B3009DABD4 /* SafeNaviTests.swift */; };
		00F81A792ABC94B3009DABD4 /* SafeNaviUITests.swift in Sources */ = {isa = PBXBuildFile; fileRef = 00F81A782ABC94B3009DABD4 /* SafeNaviUITests.swift */; };
		00F81A7B2ABC94B3009DABD4 /* SafeNaviUITestsLaunchTests.swift in Sources */ = {isa = PBXBuildFile; fileRef = 00F81A7A2ABC94B3009DABD4 /* SafeNaviUITestsLaunchTests.swift */; };
		00F81A882ABC94D3009DABD4 /* MapView.swift in Sources */ = {isa = PBXBuildFile; fileRef = 00F81A872ABC94D3009DABD4 /* MapView.swift */; };
		00F81A8A2ABCA797009DABD4 /* MapViewModel.swift in Sources */ = {isa = PBXBuildFile; fileRef = 00F81A892ABCA797009DABD4 /* MapViewModel.swift */; };
		00F81A932ABE2CA0009DABD4 /* ModalView.swift in Sources */ = {isa = PBXBuildFile; fileRef = 00F81A922ABE2CA0009DABD4 /* ModalView.swift */; };
/* End PBXBuildFile section */

/* Begin PBXContainerItemProxy section */
		00F81A6B2ABC94B3009DABD4 /* PBXContainerItemProxy */ = {
			isa = PBXContainerItemProxy;
			containerPortal = 00F81A522ABC94B3009DABD4 /* Project object */;
			proxyType = 1;
			remoteGlobalIDString = 00F81A592ABC94B3009DABD4;
			remoteInfo = SafeNavi;
		};
		00F81A752ABC94B3009DABD4 /* PBXContainerItemProxy */ = {
			isa = PBXContainerItemProxy;
			containerPortal = 00F81A522ABC94B3009DABD4 /* Project object */;
			proxyType = 1;
			remoteGlobalIDString = 00F81A592ABC94B3009DABD4;
			remoteInfo = SafeNavi;
		};
/* End PBXContainerItemProxy section */

/* Begin PBXFileReference section */
		00F81A5A2ABC94B3009DABD4 /* SafeNavi.app */ = {isa = PBXFileReference; explicitFileType = wrapper.application; includeInIndex = 0; path = SafeNavi.app; sourceTree = BUILT_PRODUCTS_DIR; };
		00F81A5D2ABC94B3009DABD4 /* SafeNaviApp.swift */ = {isa = PBXFileReference; lastKnownFileType = sourcecode.swift; path = SafeNaviApp.swift; sourceTree = "<group>"; };
		00F81A5F2ABC94B3009DABD4 /* ContentView.swift */ = {isa = PBXFileReference; lastKnownFileType = sourcecode.swift; path = ContentView.swift; sourceTree = "<group>"; };
		00F81A612ABC94B3009DABD4 /* Assets.xcassets */ = {isa = PBXFileReference; lastKnownFileType = folder.assetcatalog; path = Assets.xcassets; sourceTree = "<group>"; };
		00F81A642ABC94B3009DABD4 /* Preview Assets.xcassets */ = {isa = PBXFileReference; lastKnownFileType = folder.assetcatalog; path = "Preview Assets.xcassets"; sourceTree = "<group>"; };
		00F81A6A2ABC94B3009DABD4 /* SafeNaviTests.xctest */ = {isa = PBXFileReference; explicitFileType = wrapper.cfbundle; includeInIndex = 0; path = SafeNaviTests.xctest; sourceTree = BUILT_PRODUCTS_DIR; };
		00F81A6E2ABC94B3009DABD4 /* SafeNaviTests.swift */ = {isa = PBXFileReference; lastKnownFileType = sourcecode.swift; path = SafeNaviTests.swift; sourceTree = "<group>"; };
		00F81A742ABC94B3009DABD4 /* SafeNaviUITests.xctest */ = {isa = PBXFileReference; explicitFileType = wrapper.cfbundle; includeInIndex = 0; path = SafeNaviUITests.xctest; sourceTree = BUILT_PRODUCTS_DIR; };
		00F81A782ABC94B3009DABD4 /* SafeNaviUITests.swift */ = {isa = PBXFileReference; lastKnownFileType = sourcecode.swift; path = SafeNaviUITests.swift; sourceTree = "<group>"; };
		00F81A7A2ABC94B3009DABD4 /* SafeNaviUITestsLaunchTests.swift */ = {isa = PBXFileReference; lastKnownFileType = sourcecode.swift; path = SafeNaviUITestsLaunchTests.swift; sourceTree = "<group>"; };
		00F81A872ABC94D3009DABD4 /* MapView.swift */ = {isa = PBXFileReference; lastKnownFileType = sourcecode.swift; path = MapView.swift; sourceTree = "<group>"; };
		00F81A892ABCA797009DABD4 /* MapViewModel.swift */ = {isa = PBXFileReference; lastKnownFileType = sourcecode.swift; path = MapViewModel.swift; sourceTree = "<group>"; };
		00F81A922ABE2CA0009DABD4 /* ModalView.swift */ = {isa = PBXFileReference; lastKnownFileType = sourcecode.swift; path = ModalView.swift; sourceTree = "<group>"; };
/* End PBXFileReference section */

/* Begin PBXFrameworksBuildPhase section */
		00F81A572ABC94B3009DABD4 /* Frameworks */ = {
			isa = PBXFrameworksBuildPhase;
			buildActionMask = 2147483647;
			files = (
			);
			runOnlyForDeploymentPostprocessing = 0;
		};
		00F81A672ABC94B3009DABD4 /* Frameworks */ = {
			isa = PBXFrameworksBuildPhase;
			buildActionMask = 2147483647;
			files = (
			);
			runOnlyForDeploymentPostprocessing = 0;
		};
		00F81A712ABC94B3009DABD4 /* Frameworks */ = {
			isa = PBXFrameworksBuildPhase;
			buildActionMask = 2147483647;
			files = (
			);
			runOnlyForDeploymentPostprocessing = 0;
		};
/* End PBXFrameworksBuildPhase section */

/* Begin PBXGroup section */
		00F81A512ABC94B3009DABD4 = {
			isa = PBXGroup;
			children = (
				00F81A5C2ABC94B3009DABD4 /* SafeNavi */,
				00F81A6D2ABC94B3009DABD4 /* SafeNaviTests */,
				00F81A772ABC94B3009DABD4 /* SafeNaviUITests */,
				00F81A5B2ABC94B3009DABD4 /* Products */,
			);
			sourceTree = "<group>";
		};
		00F81A5B2ABC94B3009DABD4 /* Products */ = {
			isa = PBXGroup;
			children = (
				00F81A5A2ABC94B3009DABD4 /* SafeNavi.app */,
				00F81A6A2ABC94B3009DABD4 /* SafeNaviTests.xctest */,
				00F81A742ABC94B3009DABD4 /* SafeNaviUITests.xctest */,
			);
			name = Products;
			sourceTree = "<group>";
		};
		00F81A5C2ABC94B3009DABD4 /* SafeNavi */ = {
			isa = PBXGroup;
			children = (
				00F81A5D2ABC94B3009DABD4 /* SafeNaviApp.swift */,
				00F81A5F2ABC94B3009DABD4 /* ContentView.swift */,
				00F81A612ABC94B3009DABD4 /* Assets.xcassets */,
				00F81A632ABC94B3009DABD4 /* Preview Content */,
				00F81A872ABC94D3009DABD4 /* MapView.swift */,
				00F81A892ABCA797009DABD4 /* MapViewModel.swift */,
				00F81A922ABE2CA0009DABD4 /* ModalView.swift */,
			);
			path = SafeNavi;
			sourceTree = "<group>";
		};
		00F81A632ABC94B3009DABD4 /* Preview Content */ = {
			isa = PBXGroup;
			children = (
				00F81A642ABC94B3009DABD4 /* Preview Assets.xcassets */,
			);
			path = "Preview Content";
			sourceTree = "<group>";
		};
		00F81A6D2ABC94B3009DABD4 /* SafeNaviTests */ = {
			isa = PBXGroup;
			children = (
				00F81A6E2ABC94B3009DABD4 /* SafeNaviTests.swift */,
			);
			path = SafeNaviTests;
			sourceTree = "<group>";
		};
		00F81A772ABC94B3009DABD4 /* SafeNaviUITests */ = {
			isa = PBXGroup;
			children = (
				00F81A782ABC94B3009DABD4 /* SafeNaviUITests.swift */,
				00F81A7A2ABC94B3009DABD4 /* SafeNaviUITestsLaunchTests.swift */,
			);
			path = SafeNaviUITests;
			sourceTree = "<group>";
		};
/* End PBXGroup section */

/* Begin PBXNativeTarget section */
		00F81A592ABC94B3009DABD4 /* SafeNavi */ = {
			isa = PBXNativeTarget;
			buildConfigurationList = 00F81A7E2ABC94B3009DABD4 /* Build configuration list for PBXNativeTarget "SafeNavi" */;
			buildPhases = (
				00F81A562ABC94B3009DABD4 /* Sources */,
				00F81A572ABC94B3009DABD4 /* Frameworks */,
				00F81A582ABC94B3009DABD4 /* Resources */,
			);
			buildRules = (
			);
			dependencies = (
			);
			name = SafeNavi;
			packageProductDependencies = (
			);
			productName = SafeNavi;
			productReference = 00F81A5A2ABC94B3009DABD4 /* SafeNavi.app */;
			productType = "com.apple.product-type.application";
		};
		00F81A692ABC94B3009DABD4 /* SafeNaviTests */ = {
			isa = PBXNativeTarget;
			buildConfigurationList = 00F81A812ABC94B3009DABD4 /* Build configuration list for PBXNativeTarget "SafeNaviTests" */;
			buildPhases = (
				00F81A662ABC94B3009DABD4 /* Sources */,
				00F81A672ABC94B3009DABD4 /* Frameworks */,
				00F81A682ABC94B3009DABD4 /* Resources */,
			);
			buildRules = (
			);
			dependencies = (
				00F81A6C2ABC94B3009DABD4 /* PBXTargetDependency */,
			);
			name = SafeNaviTests;
			productName = SafeNaviTests;
			productReference = 00F81A6A2ABC94B3009DABD4 /* SafeNaviTests.xctest */;
			productType = "com.apple.product-type.bundle.unit-test";
		};
		00F81A732ABC94B3009DABD4 /* SafeNaviUITests */ = {
			isa = PBXNativeTarget;
			buildConfigurationList = 00F81A842ABC94B3009DABD4 /* Build configuration list for PBXNativeTarget "SafeNaviUITests" */;
			buildPhases = (
				00F81A702ABC94B3009DABD4 /* Sources */,
				00F81A712ABC94B3009DABD4 /* Frameworks */,
				00F81A722ABC94B3009DABD4 /* Resources */,
			);
			buildRules = (
			);
			dependencies = (
				00F81A762ABC94B3009DABD4 /* PBXTargetDependency */,
			);
			name = SafeNaviUITests;
			productName = SafeNaviUITests;
			productReference = 00F81A742ABC94B3009DABD4 /* SafeNaviUITests.xctest */;
			productType = "com.apple.product-type.bundle.ui-testing";
		};
/* End PBXNativeTarget section */

/* Begin PBXProject section */
		00F81A522ABC94B3009DABD4 /* Project object */ = {
			isa = PBXProject;
			attributes = {
				BuildIndependentTargetsInParallel = 1;
				LastSwiftUpdateCheck = 1430;
				LastUpgradeCheck = 1430;
				TargetAttributes = {
					00F81A592ABC94B3009DABD4 = {
						CreatedOnToolsVersion = 14.3.1;
					};
					00F81A692ABC94B3009DABD4 = {
						CreatedOnToolsVersion = 14.3.1;
						TestTargetID = 00F81A592ABC94B3009DABD4;
					};
					00F81A732ABC94B3009DABD4 = {
						CreatedOnToolsVersion = 14.3.1;
						TestTargetID = 00F81A592ABC94B3009DABD4;
					};
				};
			};
			buildConfigurationList = 00F81A552ABC94B3009DABD4 /* Build configuration list for PBXProject "SafeNavi" */;
			compatibilityVersion = "Xcode 14.0";
			developmentRegion = en;
			hasScannedForEncodings = 0;
			knownRegions = (
				en,
				Base,
			);
			mainGroup = 00F81A512ABC94B3009DABD4;
			packageReferences = (
			);
			productRefGroup = 00F81A5B2ABC94B3009DABD4 /* Products */;
			projectDirPath = "";
			projectRoot = "";
			targets = (
				00F81A592ABC94B3009DABD4 /* SafeNavi */,
				00F81A692ABC94B3009DABD4 /* SafeNaviTests */,
				00F81A732ABC94B3009DABD4 /* SafeNaviUITests */,
			);
		};
/* End PBXProject section */

/* Begin PBXResourcesBuildPhase section */
		00F81A582ABC94B3009DABD4 /* Resources */ = {
			isa = PBXResourcesBuildPhase;
			buildActionMask = 2147483647;
			files = (
				00F81A652ABC94B3009DABD4 /* Preview Assets.xcassets in Resources */,
				00F81A622ABC94B3009DABD4 /* Assets.xcassets in Resources */,
			);
			runOnlyForDeploymentPostprocessing = 0;
		};
		00F81A682ABC94B3009DABD4 /* Resources */ = {
			isa = PBXResourcesBuildPhase;
			buildActionMask = 2147483647;
			files = (
			);
			runOnlyForDeploymentPostprocessing = 0;
		};
		00F81A722ABC94B3009DABD4 /* Resources */ = {
			isa = PBXResourcesBuildPhase;
			buildActionMask = 2147483647;
			files = (
			);
			runOnlyForDeploymentPostprocessing = 0;
		};
/* End PBXResourcesBuildPhase section */

/* Begin PBXSourcesBuildPhase section */
		00F81A562ABC94B3009DABD4 /* Sources */ = {
			isa = PBXSourcesBuildPhase;
			buildActionMask = 2147483647;
			files = (
				00F81A932ABE2CA0009DABD4 /* ModalView.swift in Sources */,
				00F81A602ABC94B3009DABD4 /* ContentView.swift in Sources */,
				00F81A882ABC94D3009DABD4 /* MapView.swift in Sources */,
				00F81A5E2ABC94B3009DABD4 /* SafeNaviApp.swift in Sources */,
				00F81A8A2ABCA797009DABD4 /* MapViewModel.swift in Sources */,
			);
			runOnlyForDeploymentPostprocessing = 0;
		};
		00F81A662ABC94B3009DABD4 /* Sources */ = {
			isa = PBXSourcesBuildPhase;
			buildActionMask = 2147483647;
			files = (
				00F81A6F2ABC94B3009DABD4 /* SafeNaviTests.swift in Sources */,
			);
			runOnlyForDeploymentPostprocessing = 0;
		};
		00F81A702ABC94B3009DABD4 /* Sources */ = {
			isa = PBXSourcesBuildPhase;
			buildActionMask = 2147483647;
			files = (
				00F81A7B2ABC94B3009DABD4 /* SafeNaviUITestsLaunchTests.swift in Sources */,
				00F81A792ABC94B3009DABD4 /* SafeNaviUITests.swift in Sources */,
			);
			runOnlyForDeploymentPostprocessing = 0;
		};
/* End PBXSourcesBuildPhase section */

/* Begin PBXTargetDependency section */
		00F81A6C2ABC94B3009DABD4 /* PBXTargetDependency */ = {
			isa = PBXTargetDependency;
			target = 00F81A592ABC94B3009DABD4 /* SafeNavi */;
			targetProxy = 00F81A6B2ABC94B3009DABD4 /* PBXContainerItemProxy */;
		};
		00F81A762ABC94B3009DABD4 /* PBXTargetDependency */ = {
			isa = PBXTargetDependency;
			target = 00F81A592ABC94B3009DABD4 /* SafeNavi */;
			targetProxy = 00F81A752ABC94B3009DABD4 /* PBXContainerItemProxy */;
		};
/* End PBXTargetDependency section */

/* Begin XCBuildConfiguration section */
		00F81A7C2ABC94B3009DABD4 /* Debug */ = {
			isa = XCBuildConfiguration;
			buildSettings = {
				ALWAYS_SEARCH_USER_PATHS = NO;
				CLANG_ANALYZER_NONNULL = YES;
				CLANG_ANALYZER_NUMBER_OBJECT_CONVERSION = YES_AGGRESSIVE;
				CLANG_CXX_LANGUAGE_STANDARD = "gnu++20";
				CLANG_ENABLE_MODULES = YES;
				CLANG_ENABLE_OBJC_ARC = YES;
				CLANG_ENABLE_OBJC_WEAK = YES;
				CLANG_WARN_BLOCK_CAPTURE_AUTORELEASING = YES;
				CLANG_WARN_BOOL_CONVERSION = YES;
				CLANG_WARN_COMMA = YES;
				CLANG_WARN_CONSTANT_CONVERSION = YES;
				CLANG_WARN_DEPRECATED_OBJC_IMPLEMENTATIONS = YES;
				CLANG_WARN_DIRECT_OBJC_ISA_USAGE = YES_ERROR;
				CLANG_WARN_DOCUMENTATION_COMMENTS = YES;
				CLANG_WARN_EMPTY_BODY = YES;
				CLANG_WARN_ENUM_CONVERSION = YES;
				CLANG_WARN_INFINITE_RECURSION = YES;
				CLANG_WARN_INT_CONVERSION = YES;
				CLANG_WARN_NON_LITERAL_NULL_CONVERSION = YES;
				CLANG_WARN_OBJC_IMPLICIT_RETAIN_SELF = YES;
				CLANG_WARN_OBJC_LITERAL_CONVERSION = YES;
				CLANG_WARN_OBJC_ROOT_CLASS = YES_ERROR;
				CLANG_WARN_QUOTED_INCLUDE_IN_FRAMEWORK_HEADER = YES;
				CLANG_WARN_RANGE_LOOP_ANALYSIS = YES;
				CLANG_WARN_STRICT_PROTOTYPES = YES;
				CLANG_WARN_SUSPICIOUS_MOVE = YES;
				CLANG_WARN_UNGUARDED_AVAILABILITY = YES_AGGRESSIVE;
				CLANG_WARN_UNREACHABLE_CODE = YES;
				CLANG_WARN__DUPLICATE_METHOD_MATCH = YES;
				COPY_PHASE_STRIP = NO;
				DEBUG_INFORMATION_FORMAT = dwarf;
				ENABLE_STRICT_OBJC_MSGSEND = YES;
				ENABLE_TESTABILITY = YES;
				GCC_C_LANGUAGE_STANDARD = gnu11;
				GCC_DYNAMIC_NO_PIC = NO;
				GCC_NO_COMMON_BLOCKS = YES;
				GCC_OPTIMIZATION_LEVEL = 0;
				GCC_PREPROCESSOR_DEFINITIONS = (
					"DEBUG=1",
					"$(inherited)",
				);
				GCC_WARN_64_TO_32_BIT_CONVERSION = YES;
				GCC_WARN_ABOUT_RETURN_TYPE = YES_ERROR;
				GCC_WARN_UNDECLARED_SELECTOR = YES;
				GCC_WARN_UNINITIALIZED_AUTOS = YES_AGGRESSIVE;
				GCC_WARN_UNUSED_FUNCTION = YES;
				GCC_WARN_UNUSED_VARIABLE = YES;
				IPHONEOS_DEPLOYMENT_TARGET = 16.4;
				MTL_ENABLE_DEBUG_INFO = INCLUDE_SOURCE;
				MTL_FAST_MATH = YES;
				ONLY_ACTIVE_ARCH = YES;
				SDKROOT = iphoneos;
				SWIFT_ACTIVE_COMPILATION_CONDITIONS = DEBUG;
				SWIFT_OPTIMIZATION_LEVEL = "-Onone";
			};
			name = Debug;
		};
		00F81A7D2ABC94B3009DABD4 /* Release */ = {
			isa = XCBuildConfiguration;
			buildSettings = {
				ALWAYS_SEARCH_USER_PATHS = NO;
				CLANG_ANALYZER_NONNULL = YES;
				CLANG_ANALYZER_NUMBER_OBJECT_CONVERSION = YES_AGGRESSIVE;
				CLANG_CXX_LANGUAGE_STANDARD = "gnu++20";
				CLANG_ENABLE_MODULES = YES;
				CLANG_ENABLE_OBJC_ARC = YES;
				CLANG_ENABLE_OBJC_WEAK = YES;
				CLANG_WARN_BLOCK_CAPTURE_AUTORELEASING = YES;
				CLANG_WARN_BOOL_CONVERSION = YES;
				CLANG_WARN_COMMA = YES;
				CLANG_WARN_CONSTANT_CONVERSION = YES;
				CLANG_WARN_DEPRECATED_OBJC_IMPLEMENTATIONS = YES;
				CLANG_WARN_DIRECT_OBJC_ISA_USAGE = YES_ERROR;
				CLANG_WARN_DOCUMENTATION_COMMENTS = YES;
				CLANG_WARN_EMPTY_BODY = YES;
				CLANG_WARN_ENUM_CONVERSION = YES;
				CLANG_WARN_INFINITE_RECURSION = YES;
				CLANG_WARN_INT_CONVERSION = YES;
				CLANG_WARN_NON_LITERAL_NULL_CONVERSION = YES;
				CLANG_WARN_OBJC_IMPLICIT_RETAIN_SELF = YES;
				CLANG_WARN_OBJC_LITERAL_CONVERSION = YES;
				CLANG_WARN_OBJC_ROOT_CLASS = YES_ERROR;
				CLANG_WARN_QUOTED_INCLUDE_IN_FRAMEWORK_HEADER = YES;
				CLANG_WARN_RANGE_LOOP_ANALYSIS = YES;
				CLANG_WARN_STRICT_PROTOTYPES = YES;
				CLANG_WARN_SUSPICIOUS_MOVE = YES;
				CLANG_WARN_UNGUARDED_AVAILABILITY = YES_AGGRESSIVE;
				CLANG_WARN_UNREACHABLE_CODE = YES;
				CLANG_WARN__DUPLICATE_METHOD_MATCH = YES;
				COPY_PHASE_STRIP = NO;
				DEBUG_INFORMATION_FORMAT = "dwarf-with-dsym";
				ENABLE_NS_ASSERTIONS = NO;
				ENABLE_STRICT_OBJC_MSGSEND = YES;
				GCC_C_LANGUAGE_STANDARD = gnu11;
				GCC_NO_COMMON_BLOCKS = YES;
				GCC_WARN_64_TO_32_BIT_CONVERSION = YES;
				GCC_WARN_ABOUT_RETURN_TYPE = YES_ERROR;
				GCC_WARN_UNDECLARED_SELECTOR = YES;
				GCC_WARN_UNINITIALIZED_AUTOS = YES_AGGRESSIVE;
				GCC_WARN_UNUSED_FUNCTION = YES;
				GCC_WARN_UNUSED_VARIABLE = YES;
				IPHONEOS_DEPLOYMENT_TARGET = 16.4;
				MTL_ENABLE_DEBUG_INFO = NO;
				MTL_FAST_MATH = YES;
				SDKROOT = iphoneos;
				SWIFT_COMPILATION_MODE = wholemodule;
				SWIFT_OPTIMIZATION_LEVEL = "-O";
				VALIDATE_PRODUCT = YES;
			};
			name = Release;
		};
		00F81A7F2ABC94B3009DABD4 /* Debug */ = {
			isa = XCBuildConfiguration;
			buildSettings = {
				ASSETCATALOG_COMPILER_APPICON_NAME = AppIcon;
				ASSETCATALOG_COMPILER_GLOBAL_ACCENT_COLOR_NAME = AccentColor;
				CODE_SIGN_STYLE = Automatic;
				CURRENT_PROJECT_VERSION = 1;
				DEVELOPMENT_ASSET_PATHS = "\"SafeNavi/Preview Content\"";
				DEVELOPMENT_TEAM = 3HL5J5ZT53;
				ENABLE_PREVIEWS = YES;
				GENERATE_INFOPLIST_FILE = YES;
				INFOPLIST_KEY_NSLocationWhenInUseUsageDescription = "現在地を取得するのに使用します";
				INFOPLIST_KEY_UIApplicationSceneManifest_Generation = YES;
				INFOPLIST_KEY_UIApplicationSupportsIndirectInputEvents = YES;
				INFOPLIST_KEY_UILaunchScreen_Generation = YES;
				INFOPLIST_KEY_UISupportedInterfaceOrientations_iPad = "UIInterfaceOrientationPortrait UIInterfaceOrientationPortraitUpsideDown UIInterfaceOrientationLandscapeLeft UIInterfaceOrientationLandscapeRight";
				INFOPLIST_KEY_UISupportedInterfaceOrientations_iPhone = "UIInterfaceOrientationPortrait UIInterfaceOrientationLandscapeLeft UIInterfaceOrientationLandscapeRight";
				LD_RUNPATH_SEARCH_PATHS = (
					"$(inherited)",
					"@executable_path/Frameworks",
				);
				MARKETING_VERSION = 1.0;
				PRODUCT_BUNDLE_IDENTIFIER = h2o.SafeNavi;
				PRODUCT_NAME = "$(TARGET_NAME)";
				SWIFT_EMIT_LOC_STRINGS = YES;
				SWIFT_VERSION = 5.0;
				TARGETED_DEVICE_FAMILY = "1,2";
			};
			name = Debug;
		};
		00F81A802ABC94B3009DABD4 /* Release */ = {
			isa = XCBuildConfiguration;
			buildSettings = {
				ASSETCATALOG_COMPILER_APPICON_NAME = AppIcon;
				ASSETCATALOG_COMPILER_GLOBAL_ACCENT_COLOR_NAME = AccentColor;
				CODE_SIGN_STYLE = Automatic;
				CURRENT_PROJECT_VERSION = 1;
				DEVELOPMENT_ASSET_PATHS = "\"SafeNavi/Preview Content\"";
				DEVELOPMENT_TEAM = 3HL5J5ZT53;
				ENABLE_PREVIEWS = YES;
				GENERATE_INFOPLIST_FILE = YES;
				INFOPLIST_KEY_NSLocationWhenInUseUsageDescription = "現在地を取得するのに使用します";
				INFOPLIST_KEY_UIApplicationSceneManifest_Generation = YES;
				INFOPLIST_KEY_UIApplicationSupportsIndirectInputEvents = YES;
				INFOPLIST_KEY_UILaunchScreen_Generation = YES;
				INFOPLIST_KEY_UISupportedInterfaceOrientations_iPad = "UIInterfaceOrientationPortrait UIInterfaceOrientationPortraitUpsideDown UIInterfaceOrientationLandscapeLeft UIInterfaceOrientationLandscapeRight";
				INFOPLIST_KEY_UISupportedInterfaceOrientations_iPhone = "UIInterfaceOrientationPortrait UIInterfaceOrientationLandscapeLeft UIInterfaceOrientationLandscapeRight";
				LD_RUNPATH_SEARCH_PATHS = (
					"$(inherited)",
					"@executable_path/Frameworks",
				);
				MARKETING_VERSION = 1.0;
				PRODUCT_BUNDLE_IDENTIFIER = h2o.SafeNavi;
				PRODUCT_NAME = "$(TARGET_NAME)";
				SWIFT_EMIT_LOC_STRINGS = YES;
				SWIFT_VERSION = 5.0;
				TARGETED_DEVICE_FAMILY = "1,2";
			};
			name = Release;
		};
		00F81A822ABC94B3009DABD4 /* Debug */ = {
			isa = XCBuildConfiguration;
			buildSettings = {
				ALWAYS_EMBED_SWIFT_STANDARD_LIBRARIES = YES;
				BUNDLE_LOADER = "$(TEST_HOST)";
				CODE_SIGN_STYLE = Automatic;
				CURRENT_PROJECT_VERSION = 1;
				DEVELOPMENT_TEAM = 3HL5J5ZT53;
				GENERATE_INFOPLIST_FILE = YES;
				IPHONEOS_DEPLOYMENT_TARGET = 16.4;
				MARKETING_VERSION = 1.0;
				PRODUCT_BUNDLE_IDENTIFIER = h2o.SafeNaviTests;
				PRODUCT_NAME = "$(TARGET_NAME)";
				SWIFT_EMIT_LOC_STRINGS = NO;
				SWIFT_VERSION = 5.0;
				TARGETED_DEVICE_FAMILY = "1,2";
				TEST_HOST = "$(BUILT_PRODUCTS_DIR)/SafeNavi.app/$(BUNDLE_EXECUTABLE_FOLDER_PATH)/SafeNavi";
			};
			name = Debug;
		};
		00F81A832ABC94B3009DABD4 /* Release */ = {
			isa = XCBuildConfiguration;
			buildSettings = {
				ALWAYS_EMBED_SWIFT_STANDARD_LIBRARIES = YES;
				BUNDLE_LOADER = "$(TEST_HOST)";
				CODE_SIGN_STYLE = Automatic;
				CURRENT_PROJECT_VERSION = 1;
				DEVELOPMENT_TEAM = 3HL5J5ZT53;
				GENERATE_INFOPLIST_FILE = YES;
				IPHONEOS_DEPLOYMENT_TARGET = 16.4;
				MARKETING_VERSION = 1.0;
				PRODUCT_BUNDLE_IDENTIFIER = h2o.SafeNaviTests;
				PRODUCT_NAME = "$(TARGET_NAME)";
				SWIFT_EMIT_LOC_STRINGS = NO;
				SWIFT_VERSION = 5.0;
				TARGETED_DEVICE_FAMILY = "1,2";
				TEST_HOST = "$(BUILT_PRODUCTS_DIR)/SafeNavi.app/$(BUNDLE_EXECUTABLE_FOLDER_PATH)/SafeNavi";
			};
			name = Release;
		};
		00F81A852ABC94B3009DABD4 /* Debug */ = {
			isa = XCBuildConfiguration;
			buildSettings = {
				ALWAYS_EMBED_SWIFT_STANDARD_LIBRARIES = YES;
				CODE_SIGN_STYLE = Automatic;
				CURRENT_PROJECT_VERSION = 1;
				DEVELOPMENT_TEAM = 3HL5J5ZT53;
				GENERATE_INFOPLIST_FILE = YES;
				MARKETING_VERSION = 1.0;
				PRODUCT_BUNDLE_IDENTIFIER = h2o.SafeNaviUITests;
				PRODUCT_NAME = "$(TARGET_NAME)";
				SWIFT_EMIT_LOC_STRINGS = NO;
				SWIFT_VERSION = 5.0;
				TARGETED_DEVICE_FAMILY = "1,2";
				TEST_TARGET_NAME = SafeNavi;
			};
			name = Debug;
		};
		00F81A862ABC94B3009DABD4 /* Release */ = {
			isa = XCBuildConfiguration;
			buildSettings = {
				ALWAYS_EMBED_SWIFT_STANDARD_LIBRARIES = YES;
				CODE_SIGN_STYLE = Automatic;
				CURRENT_PROJECT_VERSION = 1;
				DEVELOPMENT_TEAM = 3HL5J5ZT53;
				GENERATE_INFOPLIST_FILE = YES;
				MARKETING_VERSION = 1.0;
				PRODUCT_BUNDLE_IDENTIFIER = h2o.SafeNaviUITests;
				PRODUCT_NAME = "$(TARGET_NAME)";
				SWIFT_EMIT_LOC_STRINGS = NO;
				SWIFT_VERSION = 5.0;
				TARGETED_DEVICE_FAMILY = "1,2";
				TEST_TARGET_NAME = SafeNavi;
			};
			name = Release;
		};
/* End XCBuildConfiguration section */

/* Begin XCConfigurationList section */
		00F81A552ABC94B3009DABD4 /* Build configuration list for PBXProject "SafeNavi" */ = {
			isa = XCConfigurationList;
			buildConfigurations = (
				00F81A7C2ABC94B3009DABD4 /* Debug */,
				00F81A7D2ABC94B3009DABD4 /* Release */,
			);
			defaultConfigurationIsVisible = 0;
			defaultConfigurationName = Release;
		};
		00F81A7E2ABC94B3009DABD4 /* Build configuration list for PBXNativeTarget "SafeNavi" */ = {
			isa = XCConfigurationList;
			buildConfigurations = (
				00F81A7F2ABC94B3009DABD4 /* Debug */,
				00F81A802ABC94B3009DABD4 /* Release */,
			);
			defaultConfigurationIsVisible = 0;
			defaultConfigurationName = Release;
		};
		00F81A812ABC94B3009DABD4 /* Build configuration list for PBXNativeTarget "SafeNaviTests" */ = {
			isa = XCConfigurationList;
			buildConfigurations = (
				00F81A822ABC94B3009DABD4 /* Debug */,
				00F81A832ABC94B3009DABD4 /* Release */,
			);
			defaultConfigurationIsVisible = 0;
			defaultConfigurationName = Release;
		};
		00F81A842ABC94B3009DABD4 /* Build configuration list for PBXNativeTarget "SafeNaviUITests" */ = {
			isa = XCConfigurationList;
			buildConfigurations = (
				00F81A852ABC94B3009DABD4 /* Debug */,
				00F81A862ABC94B3009DABD4 /* Release */,
			);
			defaultConfigurationIsVisible = 0;
			defaultConfigurationName = Release;
		};
/* End XCConfigurationList section */
	};
	rootObject = 00F81A522ABC94B3009DABD4 /* Project object */;
}
